
Microsoft Visual Studio Solution File, Format Version 12.00
# Visual Studio Version 17
VisualStudioVersion = 17.4.33213.308
MinimumVisualStudioVersion = 10.0.40219.1
Project("{FAE04EC0-301F-11D3-BF4B-00C04F79EFBC}") = "Maquina", "Maquina\Maquina.csproj", "{8370D18B-698D-4F72-AF74-9CD309980BA6}"
EndProject
Global
	GlobalSection(SolutionConfigurationPlatforms) = preSolution
		Debug|Any CPU = Debug|Any CPU
		Release|Any CPU = Release|Any CPU
	EndGlobalSection
	GlobalSection(ProjectConfigurationPlatforms) = postSolution
		{8370D18B-698D-4F72-AF74-9CD309980BA6}.Debug|Any CPU.ActiveCfg = Debug|Any CPU
		{8370D18B-698D-4F72-AF74-9CD309980BA6}.Debug|Any CPU.Build.0 = Debug|Any CPU
		{8370D18B-698D-4F72-AF74-9CD309980BA6}.Release|Any CPU.ActiveCfg = Release|Any CPU
		{8370D18B-698D-4F72-AF74-9CD309980BA6}.Release|Any CPU.Build.0 = Release|Any CPU
	EndGlobalSection
	GlobalSection(SolutionProperties) = preSolution
		HideSolutionNode = FALSE
	EndGlobalSection
	GlobalSection(ExtensibilityGlobals) = postSolution
		SolutionGuid = {8C37BF44-47B9-4CB1-AD18-4FF21184A96E}
	EndGlobalSection
EndGlobal
